
Microsoft Visual Studio Solution File, Format Version 12.00
# Visual Studio Version 17
VisualStudioVersion = 17.5.002.0
MinimumVisualStudioVersion = 10.0.40219.1
Project("{9A19103F-16F7-4668-BE54-9A1E7A4F7556}") = "DotNetConsoleApp", "DotNetConsoleApp.csproj", "{1F1A2C82-70C6-46D3-9A3C-5C10860A235F}"
EndProject
Global
	GlobalSection(SolutionConfigurationPlatforms) = preSolution
		Debug|Any CPU = Debug|Any CPU
		Release|Any CPU = Release|Any CPU
	EndGlobalSection
	GlobalSection(ProjectConfigurationPlatforms) = postSolution
		{1F1A2C82-70C6-46D3-9A3C-5C10860A235F}.Debug|Any CPU.ActiveCfg = Debug|Any CPU
		{1F1A2C82-70C6-46D3-9A3C-5C10860A235F}.Debug|Any CPU.Build.0 = Debug|Any CPU
		{1F1A2C82-70C6-46D3-9A3C-5C10860A235F}.Release|Any CPU.ActiveCfg = Release|Any CPU
		{1F1A2C82-70C6-46D3-9A3C-5C10860A235F}.Release|Any CPU.Build.0 = Release|Any CPU
	EndGlobalSection
	GlobalSection(SolutionProperties) = preSolution
		HideSolutionNode = FALSE
	EndGlobalSection
	GlobalSection(ExtensibilityGlobals) = postSolution
		SolutionGuid = {589E26BD-6D96-4120-9760-1860926F4084}
	EndGlobalSection
EndGlobal
